
Microsoft Visual Studio Solution File, Format Version 12.00
# Visual Studio Version 17
VisualStudioVersion = 17.2.32630.192
MinimumVisualStudioVersion = 10.0.40219.1
Project("{FAE04EC0-301F-11D3-BF4B-00C04F79EFBC}") = "KursAralıkOnSekizBasitRestFullApi", "KursAralıkOnSekizBasitRestFullApi\KursAralıkOnSekizBasitRestFullApi.csproj", "{36039A49-E251-49D4-A448-EB70F5649C81}"
EndProject
Project("{FAE04EC0-301F-11D3-BF4B-00C04F79EFBC}") = "UygulamaOdev", "UygulamaOdev\UygulamaOdev.csproj", "{0AB1C26E-5CC8-4DF9-BE69-A143E64503AE}"
EndProject
Project("{FAE04EC0-301F-11D3-BF4B-00C04F79EFBC}") = "DataLayer", "DataLayer\DataLayer.csproj", "{6E190DC5-33AE-4921-A1CA-EBBB4065B67C}"
EndProject
Project("{FAE04EC0-301F-11D3-BF4B-00C04F79EFBC}") = "BusinessLayer", "BusinessLayer\BusinessLayer.csproj", "{11BBEED0-0CD2-4844-895C-87587C3372D6}"
EndProject
Global
	GlobalSection(SolutionConfigurationPlatforms) = preSolution
		Debug|Any CPU = Debug|Any CPU
		Release|Any CPU = Release|Any CPU
	EndGlobalSection
	GlobalSection(ProjectConfigurationPlatforms) = postSolution
		{36039A49-E251-49D4-A448-EB70F5649C81}.Debug|Any CPU.ActiveCfg = Debug|Any CPU
		{36039A49-E251-49D4-A448-EB70F5649C81}.Debug|Any CPU.Build.0 = Debug|Any CPU
		{36039A49-E251-49D4-A448-EB70F5649C81}.Release|Any CPU.ActiveCfg = Release|Any CPU
		{36039A49-E251-49D4-A448-EB70F5649C81}.Release|Any CPU.Build.0 = Release|Any CPU
		{0AB1C26E-5CC8-4DF9-BE69-A143E64503AE}.Debug|Any CPU.ActiveCfg = Debug|Any CPU
		{0AB1C26E-5CC8-4DF9-BE69-A143E64503AE}.Debug|Any CPU.Build.0 = Debug|Any CPU
		{0AB1C26E-5CC8-4DF9-BE69-A143E64503AE}.Release|Any CPU.ActiveCfg = Release|Any CPU
		{0AB1C26E-5CC8-4DF9-BE69-A143E64503AE}.Release|Any CPU.Build.0 = Release|Any CPU
		{6E190DC5-33AE-4921-A1CA-EBBB4065B67C}.Debug|Any CPU.ActiveCfg = Debug|Any CPU
		{6E190DC5-33AE-4921-A1CA-EBBB4065B67C}.Debug|Any CPU.Build.0 = Debug|Any CPU
		{6E190DC5-33AE-4921-A1CA-EBBB4065B67C}.Release|Any CPU.ActiveCfg = Release|Any CPU
		{6E190DC5-33AE-4921-A1CA-EBBB4065B67C}.Release|Any CPU.Build.0 = Release|Any CPU
		{11BBEED0-0CD2-4844-895C-87587C3372D6}.Debug|Any CPU.ActiveCfg = Debug|Any CPU
		{11BBEED0-0CD2-4844-895C-87587C3372D6}.Debug|Any CPU.Build.0 = Debug|Any CPU
		{11BBEED0-0CD2-4844-895C-87587C3372D6}.Release|Any CPU.ActiveCfg = Release|Any CPU
		{11BBEED0-0CD2-4844-895C-87587C3372D6}.Release|Any CPU.Build.0 = Release|Any CPU
	EndGlobalSection
	GlobalSection(SolutionProperties) = preSolution
		HideSolutionNode = FALSE
	EndGlobalSection
	GlobalSection(ExtensibilityGlobals) = postSolution
		SolutionGuid = {EC348A38-27F2-4748-98BB-AC96CA2EB347}
	EndGlobalSection
EndGlobal
